
Microsoft Visual Studio Solution File, Format Version 12.00
# Visual Studio Version 17
VisualStudioVersion = 17.8.34511.84
MinimumVisualStudioVersion = 10.0.40219.1
Project("{9A19103F-16F7-4668-BE54-9A1E7A4F7556}") = "FaceitSharp", "FaceitSharp\FaceitSharp.csproj", "{1C814590-D2B9-45D9-AB26-62348227403B}"
EndProject
Project("{9A19103F-16F7-4668-BE54-9A1E7A4F7556}") = "FaceitSharp.Api.Internal.Models", "FaceitSharp.Api.Internal.Models\FaceitSharp.Api.Internal.Models.csproj", "{50DF080C-3486-4D59-8776-167A72875EBC}"
EndProject
Project("{9A19103F-16F7-4668-BE54-9A1E7A4F7556}") = "FaceitSharp.Core", "FaceitSharp.Core\FaceitSharp.Core.csproj", "{4B3A49AF-9D28-4049-AF39-5636228784D4}"
EndProject
Project("{9A19103F-16F7-4668-BE54-9A1E7A4F7556}") = "FaceitSharp.Api.Internal", "FaceitSharp.Api.Internal\FaceitSharp.Api.Internal.csproj", "{696DA754-1469-4B54-9171-608810939C25}"
EndProject
Project("{9A19103F-16F7-4668-BE54-9A1E7A4F7556}") = "FaceitSharp.Webhooks", "FaceitSharp.Webhooks\FaceitSharp.Webhooks.csproj", "{71BD37D6-3EED-42B2-82CD-5FEC27626036}"
EndProject
Project("{2150E333-8FDC-42A3-9474-1A3956D46DE8}") = "Solution Items", "Solution Items", "{7BA963D7-9CFA-454F-8BCC-4202093635C0}"
	ProjectSection(SolutionItems) = preProject
		..\.github\workflows\main.yml = ..\.github\workflows\main.yml
	EndProjectSection
EndProject
Project("{FAE04EC0-301F-11D3-BF4B-00C04F79EFBC}") = "FaceitSharp.Cli", "FaceitSharp.Cli\FaceitSharp.Cli.csproj", "{3BABAFB1-6B10-4876-9AF2-1AB0D5C95C12}"
EndProject
Project("{FAE04EC0-301F-11D3-BF4B-00C04F79EFBC}") = "FaceitSharp.Chat", "FaceitSharp.Chat\FaceitSharp.Chat.csproj", "{08294198-BC1D-4BC4-A9A1-79CE85546806}"
EndProject
Project("{FAE04EC0-301F-11D3-BF4B-00C04F79EFBC}") = "FaceitSharp.Chat.XMPP", "FaceitSharp.Chat.XMPP\FaceitSharp.Chat.XMPP.csproj", "{B7FE1322-B2C1-4424-9A5F-99B8BFC16516}"
EndProject
Global
	GlobalSection(SolutionConfigurationPlatforms) = preSolution
		Debug|Any CPU = Debug|Any CPU
		Release|Any CPU = Release|Any CPU
	EndGlobalSection
	GlobalSection(ProjectConfigurationPlatforms) = postSolution
		{1C814590-D2B9-45D9-AB26-62348227403B}.Debug|Any CPU.ActiveCfg = Debug|Any CPU
		{1C814590-D2B9-45D9-AB26-62348227403B}.Debug|Any CPU.Build.0 = Debug|Any CPU
		{1C814590-D2B9-45D9-AB26-62348227403B}.Release|Any CPU.ActiveCfg = Release|Any CPU
		{1C814590-D2B9-45D9-AB26-62348227403B}.Release|Any CPU.Build.0 = Release|Any CPU
		{50DF080C-3486-4D59-8776-167A72875EBC}.Debug|Any CPU.ActiveCfg = Debug|Any CPU
		{50DF080C-3486-4D59-8776-167A72875EBC}.Debug|Any CPU.Build.0 = Debug|Any CPU
		{50DF080C-3486-4D59-8776-167A72875EBC}.Release|Any CPU.ActiveCfg = Release|Any CPU
		{50DF080C-3486-4D59-8776-167A72875EBC}.Release|Any CPU.Build.0 = Release|Any CPU
		{4B3A49AF-9D28-4049-AF39-5636228784D4}.Debug|Any CPU.ActiveCfg = Debug|Any CPU
		{4B3A49AF-9D28-4049-AF39-5636228784D4}.Debug|Any CPU.Build.0 = Debug|Any CPU
		{4B3A49AF-9D28-4049-AF39-5636228784D4}.Release|Any CPU.ActiveCfg = Release|Any CPU
		{4B3A49AF-9D28-4049-AF39-5636228784D4}.Release|Any CPU.Build.0 = Release|Any CPU
		{696DA754-1469-4B54-9171-608810939C25}.Debug|Any CPU.ActiveCfg = Debug|Any CPU
		{696DA754-1469-4B54-9171-608810939C25}.Debug|Any CPU.Build.0 = Debug|Any CPU
		{696DA754-1469-4B54-9171-608810939C25}.Release|Any CPU.ActiveCfg = Release|Any CPU
		{696DA754-1469-4B54-9171-608810939C25}.Release|Any CPU.Build.0 = Release|Any CPU
		{71BD37D6-3EED-42B2-82CD-5FEC27626036}.Debug|Any CPU.ActiveCfg = Debug|Any CPU
		{71BD37D6-3EED-42B2-82CD-5FEC27626036}.Debug|Any CPU.Build.0 = Debug|Any CPU
		{71BD37D6-3EED-42B2-82CD-5FEC27626036}.Release|Any CPU.ActiveCfg = Release|Any CPU
		{71BD37D6-3EED-42B2-82CD-5FEC27626036}.Release|Any CPU.Build.0 = Release|Any CPU
		{3BABAFB1-6B10-4876-9AF2-1AB0D5C95C12}.Debug|Any CPU.ActiveCfg = Debug|Any CPU
		{3BABAFB1-6B10-4876-9AF2-1AB0D5C95C12}.Debug|Any CPU.Build.0 = Debug|Any CPU
		{3BABAFB1-6B10-4876-9AF2-1AB0D5C95C12}.Release|Any CPU.ActiveCfg = Release|Any CPU
		{3BABAFB1-6B10-4876-9AF2-1AB0D5C95C12}.Release|Any CPU.Build.0 = Release|Any CPU
		{08294198-BC1D-4BC4-A9A1-79CE85546806}.Debug|Any CPU.ActiveCfg = Debug|Any CPU
		{08294198-BC1D-4BC4-A9A1-79CE85546806}.Debug|Any CPU.Build.0 = Debug|Any CPU
		{08294198-BC1D-4BC4-A9A1-79CE85546806}.Release|Any CPU.ActiveCfg = Release|Any CPU
		{08294198-BC1D-4BC4-A9A1-79CE85546806}.Release|Any CPU.Build.0 = Release|Any CPU
		{B7FE1322-B2C1-4424-9A5F-99B8BFC16516}.Debug|Any CPU.ActiveCfg = Debug|Any CPU
		{B7FE1322-B2C1-4424-9A5F-99B8BFC16516}.Debug|Any CPU.Build.0 = Debug|Any CPU
		{B7FE1322-B2C1-4424-9A5F-99B8BFC16516}.Release|Any CPU.ActiveCfg = Release|Any CPU
		{B7FE1322-B2C1-4424-9A5F-99B8BFC16516}.Release|Any CPU.Build.0 = Release|Any CPU
	EndGlobalSection
	GlobalSection(SolutionProperties) = preSolution
		HideSolutionNode = FALSE
	EndGlobalSection
	GlobalSection(ExtensibilityGlobals) = postSolution
		SolutionGuid = {189988C8-DECF-42DA-B359-B852A921197C}
	EndGlobalSection
EndGlobal
